
Microsoft Visual Studio Solution File, Format Version 12.00
# Visual Studio Version 16
VisualStudioVersion = 16.0.29102.190
MinimumVisualStudioVersion = 10.0.40219.1
Project("{FAE04EC0-301F-11D3-BF4B-00C04F79EFBC}") = "LibraryCalc07", "LibraryCalc07\LibraryCalc07.csproj", "{6BC57798-14F6-4489-B637-56B020965748}"
EndProject
Project("{FAE04EC0-301F-11D3-BF4B-00C04F79EFBC}") = "LibraryCalc07.Testes", "LibraryCalc07.Testes\LibraryCalc07.Testes.csproj", "{FB95CD61-276C-4B53-826D-1554FE0B37B2}"
EndProject
Global
	GlobalSection(SolutionConfigurationPlatforms) = preSolution
		Debug|Any CPU = Debug|Any CPU
		Release|Any CPU = Release|Any CPU
	EndGlobalSection
	GlobalSection(ProjectConfigurationPlatforms) = postSolution
		{6BC57798-14F6-4489-B637-56B020965748}.Debug|Any CPU.ActiveCfg = Debug|Any CPU
		{6BC57798-14F6-4489-B637-56B020965748}.Debug|Any CPU.Build.0 = Debug|Any CPU
		{6BC57798-14F6-4489-B637-56B020965748}.Release|Any CPU.ActiveCfg = Release|Any CPU
		{6BC57798-14F6-4489-B637-56B020965748}.Release|Any CPU.Build.0 = Release|Any CPU
		{FB95CD61-276C-4B53-826D-1554FE0B37B2}.Debug|Any CPU.ActiveCfg = Debug|Any CPU
		{FB95CD61-276C-4B53-826D-1554FE0B37B2}.Debug|Any CPU.Build.0 = Debug|Any CPU
		{FB95CD61-276C-4B53-826D-1554FE0B37B2}.Release|Any CPU.ActiveCfg = Release|Any CPU
		{FB95CD61-276C-4B53-826D-1554FE0B37B2}.Release|Any CPU.Build.0 = Release|Any CPU
	EndGlobalSection
	GlobalSection(SolutionProperties) = preSolution
		HideSolutionNode = FALSE
	EndGlobalSection
	GlobalSection(ExtensibilityGlobals) = postSolution
		SolutionGuid = {5ECB5E7A-9F4F-4C6A-A625-FB0B10B5DE3C}
	EndGlobalSection
EndGlobal
